{
  "requires": true,
  "lockfileVersion": 1,
  "dependencies": {
    "@material/animation": {
      "version": "13.0.0",
      "resolved": "https://registry.npmjs.org/@material/animation/-/animation-13.0.0.tgz",
      "integrity": "sha512-YR0/u4u56qXDjKYolQ7F+IvlPkaSBhMl/dZv8DK0FbD6PH4ckOPd3bEXNRndXtprsxwknQQP2pttjPImylkl0g==",
      "requires": {
        "tslib": "^2.1.0"
      }
    },
    "@material/base": {
      "version": "13.0.0",
      "resolved": "https://registry.npmjs.org/@material/base/-/base-13.0.0.tgz",
      "integrity": "sha512-vFx0JryRfcvUNX3cZ2u32wUMvxzd+c/YW0LFOXNgqCDWlubHcMm0Y6Wz371LhfQo80/NE69u+/4Joo99yKnVeg==",
      "requires": {
        "tslib": "^2.1.0"
      }
    },
    "@material/density": {
      "version": "13.0.0",
      "resolved": "https://registry.npmjs.org/@material/density/-/density-13.0.0.tgz",
      "integrity": "sha512-ppJTzOsuhjQam5GvHaq/XZocZNUr+41XQ2sd5nONAmQ0wwzXgqG0FaxtF1EXqK3uZFadz+vAu6enagre9DXhTA==",
      "requires": {
        "tslib": "^2.1.0"
      }
    },
    "@material/dom": {
      "version": "13.0.0",
      "resolved": "https://registry.npmjs.org/@material/dom/-/dom-13.0.0.tgz",
      "integrity": "sha512-M9HLAYBZtkTUvf66FL+jAEvUOdhji1HkGA1mV6oyE+HY9gkCkmso+mngvzlLd5+uaAVE9I3WQFhSb9gp0cpXnw==",
      "requires": {
        "@material/feature-targeting": "^13.0.0",
        "tslib": "^2.1.0"
      }
    },
    "@material/drawer": {
      "version": "13.0.0",
      "resolved": "https://registry.npmjs.org/@material/drawer/-/drawer-13.0.0.tgz",
      "integrity": "sha512-TIV/K9MED3ymngmKrdLwOMhUF44BzoR6HuTVsZAM4bgy0sfSv+jzgaGUqJsvjEhTXk+Q9OTEge+TsU/ETzQCbg==",
      "requires": {
        "@material/animation": "^13.0.0",
        "@material/base": "^13.0.0",
        "@material/dom": "^13.0.0",
        "@material/elevation": "^13.0.0",
        "@material/feature-targeting": "^13.0.0",
        "@material/list": "^13.0.0",
        "@material/ripple": "^13.0.0",
        "@material/rtl": "^13.0.0",
        "@material/shape": "^13.0.0",
        "@material/theme": "^13.0.0",
        "@material/typography": "^13.0.0",
        "tslib": "^2.1.0"
      }
    },
    "@material/elevation": {
      "version": "13.0.0",
      "resolved": "https://registry.npmjs.org/@material/elevation/-/elevation-13.0.0.tgz",
      "integrity": "sha512-hzdblgamVRbC0UwKafcvUVDvKzMiOSveDiwGgFk+EAg/tZRdwMlQPyf/9I6Lr8Cw/pNGnEOPhmCDOYPOHimr0w==",
      "requires": {
        "@material/animation": "^13.0.0",
        "@material/base": "^13.0.0",
        "@material/feature-targeting": "^13.0.0",
        "@material/rtl": "^13.0.0",
        "@material/theme": "^13.0.0",
        "tslib": "^2.1.0"
      }
    },
    "@material/feature-targeting": {
      "version": "13.0.0",
      "resolved": "https://registry.npmjs.org/@material/feature-targeting/-/feature-targeting-13.0.0.tgz",
      "integrity": "sha512-QJClfeaA4EMyAxKJy9WR0Nx+/VwSZCkhGLUVBG9NhxqYGfl/LtaeaidrNm32vYEoNZAofN92VD2RwQTRwp/dMQ==",
      "requires": {
        "tslib": "^2.1.0"
      }
    },
    "@material/list": {
      "version": "13.0.0",
      "resolved": "https://registry.npmjs.org/@material/list/-/list-13.0.0.tgz",
      "integrity": "sha512-poq4WNDEfW6Z3YPAn3wdBX4RSkj3A83Pht6984MmG8YJZMlq34ftHECw37VcdmFJIyRPdpZqywJo/i7CxsSAgQ==",
      "requires": {
        "@material/base": "^13.0.0",
        "@material/density": "^13.0.0",
        "@material/dom": "^13.0.0",
        "@material/feature-targeting": "^13.0.0",
        "@material/ripple": "^13.0.0",
        "@material/rtl": "^13.0.0",
        "@material/shape": "^13.0.0",
        "@material/theme": "^13.0.0",
        "@material/typography": "^13.0.0",
        "tslib": "^2.1.0"
      }
    },
    "@material/ripple": {
      "version": "13.0.0",
      "resolved": "https://registry.npmjs.org/@material/ripple/-/ripple-13.0.0.tgz",
      "integrity": "sha512-hx4B40hB2rRfsGwf1jwo2GGlYDq0yUQjcMcMmXfQipPJNpQhy8ylmXKc1DBjmWf7EQ/MgbfCSYwPrYXrbGP31w==",
      "requires": {
        "@material/animation": "^13.0.0",
        "@material/base": "^13.0.0",
        "@material/dom": "^13.0.0",
        "@material/feature-targeting": "^13.0.0",
        "@material/rtl": "^13.0.0",
        "@material/theme": "^13.0.0",
        "tslib": "^2.1.0"
      }
    },
    "@material/rtl": {
      "version": "13.0.0",
      "resolved": "https://registry.npmjs.org/@material/rtl/-/rtl-13.0.0.tgz",
      "integrity": "sha512-nFGy3iQg7k+xLs67eb86mRFVLwa0yi7MusqRK4OM8DXcLO5yoVfUTPKpdSykcbRryp9imVHsxutox2tZawR4og==",
      "requires": {
        "@material/theme": "^13.0.0",
        "tslib": "^2.1.0"
      }
    },
    "@material/shape": {
      "version": "13.0.0",
      "resolved": "https://registry.npmjs.org/@material/shape/-/shape-13.0.0.tgz",
      "integrity": "sha512-exk96+iCjzCujk3aSrvIMhmW773s1Tc0h+MbQKbt6Iv3nHJCyLSiRbxclCHXWHrVwG/9KZRkrt/g2qk7P3VRBg==",
      "requires": {
        "@material/feature-targeting": "^13.0.0",
        "@material/rtl": "^13.0.0",
        "@material/theme": "^13.0.0",
        "tslib": "^2.1.0"
      }
    },
    "@material/theme": {
      "version": "13.0.0",
      "resolved": "https://registry.npmjs.org/@material/theme/-/theme-13.0.0.tgz",
      "integrity": "sha512-KAe1s0MvvfCGAwJliDVTvgAKuD3ESwhl7F7br4Iam4IPdqME2rWl8NPhKHFfaWqTG7PyCgMMngYEYuA8cLNTsA==",
      "requires": {
        "@material/feature-targeting": "^13.0.0",
        "tslib": "^2.1.0"
      }
    },
    "@material/typography": {
      "version": "13.0.0",
      "resolved": "https://registry.npmjs.org/@material/typography/-/typography-13.0.0.tgz",
      "integrity": "sha512-UfaK4vT3LmGiiySf2RVIrf7fJZa6EJadFwo4YUMJx9bvUMRlBm1oI8Vo9fYpKdLfuSTeA+2BlgbwYVObj3laFw==",
      "requires": {
        "@material/feature-targeting": "^13.0.0",
        "@material/theme": "^13.0.0",
        "tslib": "^2.1.0"
      }
    },
    "tslib": {
      "version": "2.3.1",
      "resolved": "https://registry.npmjs.org/tslib/-/tslib-2.3.1.tgz",
      "integrity": "sha512-77EbyPPpMz+FRFRuAFlWMtmgUWGe9UOG2Z25NqCwiIjRhOf5iKGuzSe5P2w1laq+FkRy4p+PCuVkJSGkzTEKVw=="
    }
  }
}
